# This file is automatically @generated by Cargo.
# It is not intended for manual editing.
[[package]]
name = "etc"
version = "0.1.2"
source = "registry+https://github.com/rust-lang/crates.io-index"
checksum = "5513ee45141061882db6dadf281b147edc18e2367aafb3bbb38a27750ba4bce3"

[[package]]
name = "sach"
version = "0.1.0"
dependencies = [
 "etc",
 "toml",
]

[[package]]
name = "serde"
version = "1.0.105"
source = "registry+https://github.com/rust-lang/crates.io-index"
checksum = "e707fbbf255b8fc8c3b99abb91e7257a622caeb20a9818cbadbeeede4e0932ff"

[[package]]
name = "toml"
version = "0.5.6"
source = "registry+https://github.com/rust-lang/crates.io-index"
checksum = "ffc92d160b1eef40665be3a05630d003936a3bc7da7421277846c2613e92c71a"
dependencies = [
 "serde",
]
